
Microsoft Visual Studio Solution File, Format Version 12.00
# Visual Studio Version 17
VisualStudioVersion = 17.7.34031.279
MinimumVisualStudioVersion = 10.0.40219.1
Project("{FAE04EC0-301F-11D3-BF4B-00C04F79EFBC}") = "News.Server", "News.Server\News.Server.csproj", "{36459884-C915-4DCA-AF04-53738770DA40}"
EndProject
Global
	GlobalSection(SolutionConfigurationPlatforms) = preSolution
		Debug|Any CPU = Debug|Any CPU
		Release|Any CPU = Release|Any CPU
	EndGlobalSection
	GlobalSection(ProjectConfigurationPlatforms) = postSolution
		{36459884-C915-4DCA-AF04-53738770DA40}.Debug|Any CPU.ActiveCfg = Debug|Any CPU
		{36459884-C915-4DCA-AF04-53738770DA40}.Debug|Any CPU.Build.0 = Debug|Any CPU
		{36459884-C915-4DCA-AF04-53738770DA40}.Release|Any CPU.ActiveCfg = Release|Any CPU
		{36459884-C915-4DCA-AF04-53738770DA40}.Release|Any CPU.Build.0 = Release|Any CPU
	EndGlobalSection
	GlobalSection(SolutionProperties) = preSolution
		HideSolutionNode = FALSE
	EndGlobalSection
	GlobalSection(ExtensibilityGlobals) = postSolution
		SolutionGuid = {ECE7D1AA-B897-49B1-9A88-0E67E328B3C1}
	EndGlobalSection
EndGlobal
